// !$*UTF8*$!
{
	archiveVersion = 1;
	classes = {
	};
	objectVersion = 48;
	objects = {

/* Begin PBXBuildFile section */
		FA55D06E1F97E2AE001614B0 /* ChatViewController.swift in Sources */ = {isa = PBXBuildFile; fileRef = FA55D06D1F97E2AE001614B0 /* ChatViewController.swift */; };
		FA55D0731F97E2F7001614B0 /* DrawingViewController.swift in Sources */ = {isa = PBXBuildFile; fileRef = FA55D0721F97E2F7001614B0 /* DrawingViewController.swift */; };
		FA55D0761F97EC4F001614B0 /* ChatDrawingTabBarViewController.swift in Sources */ = {isa = PBXBuildFile; fileRef = FA55D0751F97EC4F001614B0 /* ChatDrawingTabBarViewController.swift */; };
		FAA7BEC91F96742D005A8FC7 /* AppDelegate.swift in Sources */ = {isa = PBXBuildFile; fileRef = FAA7BEC81F96742D005A8FC7 /* AppDelegate.swift */; };
		FAA7BECB1F96742D005A8FC7 /* ViewController.swift in Sources */ = {isa = PBXBuildFile; fileRef = FAA7BECA1F96742D005A8FC7 /* ViewController.swift */; };
		FAA7BECE1F96742D005A8FC7 /* Main.storyboard in Resources */ = {isa = PBXBuildFile; fileRef = FAA7BECC1F96742D005A8FC7 /* Main.storyboard */; };
		FAA7BED11F96742D005A8FC7 /* CoolPainter.xcdatamodeld in Sources */ = {isa = PBXBuildFile; fileRef = FAA7BECF1F96742D005A8FC7 /* CoolPainter.xcdatamodeld */; };
		FAA7BED31F96742D005A8FC7 /* Assets.xcassets in Resources */ = {isa = PBXBuildFile; fileRef = FAA7BED21F96742D005A8FC7 /* Assets.xcassets */; };
		FAA7BED61F96742D005A8FC7 /* LaunchScreen.storyboard in Resources */ = {isa = PBXBuildFile; fileRef = FAA7BED41F96742D005A8FC7 /* LaunchScreen.storyboard */; };
		FAA7BEE11F96742D005A8FC7 /* CoolPainterTests.swift in Sources */ = {isa = PBXBuildFile; fileRef = FAA7BEE01F96742D005A8FC7 /* CoolPainterTests.swift */; };
		FAA7BEEC1F96742D005A8FC7 /* CoolPainterUITests.swift in Sources */ = {isa = PBXBuildFile; fileRef = FAA7BEEB1F96742D005A8FC7 /* CoolPainterUITests.swift */; };
		FAA7BEFA1F9686E6005A8FC7 /* LoginViewController.swift in Sources */ = {isa = PBXBuildFile; fileRef = FAA7BEF91F9686E6005A8FC7 /* LoginViewController.swift */; };
/* End PBXBuildFile section */

/* Begin PBXContainerItemProxy section */
		FAA7BEDD1F96742D005A8FC7 /* PBXContainerItemProxy */ = {
			isa = PBXContainerItemProxy;
			containerPortal = FAA7BEBD1F96742D005A8FC7 /* Project object */;
			proxyType = 1;
			remoteGlobalIDString = FAA7BEC41F96742D005A8FC7;
			remoteInfo = CoolPainter;
		};
		FAA7BEE81F96742D005A8FC7 /* PBXContainerItemProxy */ = {
			isa = PBXContainerItemProxy;
			containerPortal = FAA7BEBD1F96742D005A8FC7 /* Project object */;
			proxyType = 1;
			remoteGlobalIDString = FAA7BEC41F96742D005A8FC7;
			remoteInfo = CoolPainter;
		};
/* End PBXContainerItemProxy section */

/* Begin PBXFileReference section */
		FA55D06D1F97E2AE001614B0 /* ChatViewController.swift */ = {isa = PBXFileReference; lastKnownFileType = sourcecode.swift; path = ChatViewController.swift; sourceTree = "<group>"; };
		FA55D0721F97E2F7001614B0 /* DrawingViewController.swift */ = {isa = PBXFileReference; lastKnownFileType = sourcecode.swift; path = DrawingViewController.swift; sourceTree = "<group>"; };
		FA55D0751F97EC4F001614B0 /* ChatDrawingTabBarViewController.swift */ = {isa = PBXFileReference; lastKnownFileType = sourcecode.swift; path = ChatDrawingTabBarViewController.swift; sourceTree = "<group>"; };
		FAA7BEC51F96742D005A8FC7 /* CoolPainter.app */ = {isa = PBXFileReference; explicitFileType = wrapper.application; includeInIndex = 0; path = CoolPainter.app; sourceTree = BUILT_PRODUCTS_DIR; };
		FAA7BEC81F96742D005A8FC7 /* AppDelegate.swift */ = {isa = PBXFileReference; lastKnownFileType = sourcecode.swift; path = AppDelegate.swift; sourceTree = "<group>"; };
		FAA7BECA1F96742D005A8FC7 /* ViewController.swift */ = {isa = PBXFileReference; lastKnownFileType = sourcecode.swift; path = ViewController.swift; sourceTree = "<group>"; };
		FAA7BECD1F96742D005A8FC7 /* Base */ = {isa = PBXFileReference; lastKnownFileType = file.storyboard; name = Base; path = Base.lproj/Main.storyboard; sourceTree = "<group>"; };
		FAA7BED01F96742D005A8FC7 /* CoolPainter.xcdatamodel */ = {isa = PBXFileReference; lastKnownFileType = wrapper.xcdatamodel; path = CoolPainter.xcdatamodel; sourceTree = "<group>"; };
		FAA7BED21F96742D005A8FC7 /* Assets.xcassets */ = {isa = PBXFileReference; lastKnownFileType = folder.assetcatalog; path = Assets.xcassets; sourceTree = "<group>"; };
		FAA7BED51F96742D005A8FC7 /* Base */ = {isa = PBXFileReference; lastKnownFileType = file.storyboard; name = Base; path = Base.lproj/LaunchScreen.storyboard; sourceTree = "<group>"; };
		FAA7BED71F96742D005A8FC7 /* Info.plist */ = {isa = PBXFileReference; lastKnownFileType = text.plist.xml; path = Info.plist; sourceTree = "<group>"; };
		FAA7BEDC1F96742D005A8FC7 /* CoolPainterTests.xctest */ = {isa = PBXFileReference; explicitFileType = wrapper.cfbundle; includeInIndex = 0; path = CoolPainterTests.xctest; sourceTree = BUILT_PRODUCTS_DIR; };
		FAA7BEE01F96742D005A8FC7 /* CoolPainterTests.swift */ = {isa = PBXFileReference; lastKnownFileType = sourcecode.swift; path = CoolPainterTests.swift; sourceTree = "<group>"; };
		FAA7BEE21F96742D005A8FC7 /* Info.plist */ = {isa = PBXFileReference; lastKnownFileType = text.plist.xml; path = Info.plist; sourceTree = "<group>"; };
		FAA7BEE71F96742D005A8FC7 /* CoolPainterUITests.xctest */ = {isa = PBXFileReference; explicitFileType = wrapper.cfbundle; includeInIndex = 0; path = CoolPainterUITests.xctest; sourceTree = BUILT_PRODUCTS_DIR; };
		FAA7BEEB1F96742D005A8FC7 /* CoolPainterUITests.swift */ = {isa = PBXFileReference; lastKnownFileType = sourcecode.swift; path = CoolPainterUITests.swift; sourceTree = "<group>"; };
		FAA7BEED1F96742D005A8FC7 /* Info.plist */ = {isa = PBXFileReference; lastKnownFileType = text.plist.xml; path = Info.plist; sourceTree = "<group>"; };
		FAA7BEF91F9686E6005A8FC7 /* LoginViewController.swift */ = {isa = PBXFileReference; lastKnownFileType = sourcecode.swift; path = LoginViewController.swift; sourceTree = "<group>"; };
/* End PBXFileReference section */

/* Begin PBXFrameworksBuildPhase section */
		FAA7BEC21F96742D005A8FC7 /* Frameworks */ = {
			isa = PBXFrameworksBuildPhase;
			buildActionMask = 2147483647;
			files = (
			);
			runOnlyForDeploymentPostprocessing = 0;
		};
		FAA7BED91F96742D005A8FC7 /* Frameworks */ = {
			isa = PBXFrameworksBuildPhase;
			buildActionMask = 2147483647;
			files = (
			);
			runOnlyForDeploymentPostprocessing = 0;
		};
		FAA7BEE41F96742D005A8FC7 /* Frameworks */ = {
			isa = PBXFrameworksBuildPhase;
			buildActionMask = 2147483647;
			files = (
			);
			runOnlyForDeploymentPostprocessing = 0;
		};
/* End PBXFrameworksBuildPhase section */

/* Begin PBXGroup section */
		FA55D06F1F97E2B9001614B0 /* view */ = {
			isa = PBXGroup;
			children = (
				FA55D0771F97ECB5001614B0 /* common */,
				FA55D0741F97E3B0001614B0 /* login */,
				FA55D0711F97E2E6001614B0 /* drawing */,
				FA55D0701F97E2C0001614B0 /* chat */,
			);
			path = view;
			sourceTree = "<group>";
		};
		FA55D0701F97E2C0001614B0 /* chat */ = {
			isa = PBXGroup;
			children = (
				FA55D06D1F97E2AE001614B0 /* ChatViewController.swift */,
			);
			path = chat;
			sourceTree = "<group>";
		};
		FA55D0711F97E2E6001614B0 /* drawing */ = {
			isa = PBXGroup;
			children = (
				FA55D0721F97E2F7001614B0 /* DrawingViewController.swift */,
			);
			path = drawing;
			sourceTree = "<group>";
		};
		FA55D0741F97E3B0001614B0 /* login */ = {
			isa = PBXGroup;
			children = (
				FAA7BEF91F9686E6005A8FC7 /* LoginViewController.swift */,
			);
			path = login;
			sourceTree = "<group>";
		};
		FA55D0771F97ECB5001614B0 /* common */ = {
			isa = PBXGroup;
			children = (
				FA55D0751F97EC4F001614B0 /* ChatDrawingTabBarViewController.swift */,
			);
			path = common;
			sourceTree = "<group>";
		};
		FAA7BEBC1F96742D005A8FC7 = {
			isa = PBXGroup;
			children = (
				FAA7BEC71F96742D005A8FC7 /* CoolPainter */,
				FAA7BEDF1F96742D005A8FC7 /* CoolPainterTests */,
				FAA7BEEA1F96742D005A8FC7 /* CoolPainterUITests */,
				FAA7BEC61F96742D005A8FC7 /* Products */,
			);
			sourceTree = "<group>";
		};
		FAA7BEC61F96742D005A8FC7 /* Products */ = {
			isa = PBXGroup;
			children = (
				FAA7BEC51F96742D005A8FC7 /* CoolPainter.app */,
				FAA7BEDC1F96742D005A8FC7 /* CoolPainterTests.xctest */,
				FAA7BEE71F96742D005A8FC7 /* CoolPainterUITests.xctest */,
			);
			name = Products;
			sourceTree = "<group>";
		};
		FAA7BEC71F96742D005A8FC7 /* CoolPainter */ = {
			isa = PBXGroup;
			children = (
				FA55D06F1F97E2B9001614B0 /* view */,
				FAA7BEC81F96742D005A8FC7 /* AppDelegate.swift */,
				FAA7BECA1F96742D005A8FC7 /* ViewController.swift */,
				FAA7BECC1F96742D005A8FC7 /* Main.storyboard */,
				FAA7BED21F96742D005A8FC7 /* Assets.xcassets */,
				FAA7BED41F96742D005A8FC7 /* LaunchScreen.storyboard */,
				FAA7BED71F96742D005A8FC7 /* Info.plist */,
				FAA7BECF1F96742D005A8FC7 /* CoolPainter.xcdatamodeld */,
			);
			path = CoolPainter;
			sourceTree = "<group>";
		};
		FAA7BEDF1F96742D005A8FC7 /* CoolPainterTests */ = {
			isa = PBXGroup;
			children = (
				FAA7BEE01F96742D005A8FC7 /* CoolPainterTests.swift */,
				FAA7BEE21F96742D005A8FC7 /* Info.plist */,
			);
			path = CoolPainterTests;
			sourceTree = "<group>";
		};
		FAA7BEEA1F96742D005A8FC7 /* CoolPainterUITests */ = {
			isa = PBXGroup;
			children = (
				FAA7BEEB1F96742D005A8FC7 /* CoolPainterUITests.swift */,
				FAA7BEED1F96742D005A8FC7 /* Info.plist */,
			);
			path = CoolPainterUITests;
			sourceTree = "<group>";
		};
/* End PBXGroup section */

/* Begin PBXNativeTarget section */
		FAA7BEC41F96742D005A8FC7 /* CoolPainter */ = {
			isa = PBXNativeTarget;
			buildConfigurationList = FAA7BEF01F96742D005A8FC7 /* Build configuration list for PBXNativeTarget "CoolPainter" */;
			buildPhases = (
				FAA7BEC11F96742D005A8FC7 /* Sources */,
				FAA7BEC21F96742D005A8FC7 /* Frameworks */,
				FAA7BEC31F96742D005A8FC7 /* Resources */,
			);
			buildRules = (
			);
			dependencies = (
			);
			name = CoolPainter;
			productName = CoolPainter;
			productReference = FAA7BEC51F96742D005A8FC7 /* CoolPainter.app */;
			productType = "com.apple.product-type.application";
		};
		FAA7BEDB1F96742D005A8FC7 /* CoolPainterTests */ = {
			isa = PBXNativeTarget;
			buildConfigurationList = FAA7BEF31F96742D005A8FC7 /* Build configuration list for PBXNativeTarget "CoolPainterTests" */;
			buildPhases = (
				FAA7BED81F96742D005A8FC7 /* Sources */,
				FAA7BED91F96742D005A8FC7 /* Frameworks */,
				FAA7BEDA1F96742D005A8FC7 /* Resources */,
			);
			buildRules = (
			);
			dependencies = (
				FAA7BEDE1F96742D005A8FC7 /* PBXTargetDependency */,
			);
			name = CoolPainterTests;
			productName = CoolPainterTests;
			productReference = FAA7BEDC1F96742D005A8FC7 /* CoolPainterTests.xctest */;
			productType = "com.apple.product-type.bundle.unit-test";
		};
		FAA7BEE61F96742D005A8FC7 /* CoolPainterUITests */ = {
			isa = PBXNativeTarget;
			buildConfigurationList = FAA7BEF61F96742D005A8FC7 /* Build configuration list for PBXNativeTarget "CoolPainterUITests" */;
			buildPhases = (
				FAA7BEE31F96742D005A8FC7 /* Sources */,
				FAA7BEE41F96742D005A8FC7 /* Frameworks */,
				FAA7BEE51F96742D005A8FC7 /* Resources */,
			);
			buildRules = (
			);
			dependencies = (
				FAA7BEE91F96742D005A8FC7 /* PBXTargetDependency */,
			);
			name = CoolPainterUITests;
			productName = CoolPainterUITests;
			productReference = FAA7BEE71F96742D005A8FC7 /* CoolPainterUITests.xctest */;
			productType = "com.apple.product-type.bundle.ui-testing";
		};
/* End PBXNativeTarget section */

/* Begin PBXProject section */
		FAA7BEBD1F96742D005A8FC7 /* Project object */ = {
			isa = PBXProject;
			attributes = {
				LastSwiftUpdateCheck = 0900;
				LastUpgradeCheck = 0900;
				ORGANIZATIONNAME = "Gleb Kalinichenko";
				TargetAttributes = {
					FAA7BEC41F96742D005A8FC7 = {
						CreatedOnToolsVersion = 9.0;
						ProvisioningStyle = Automatic;
					};
					FAA7BEDB1F96742D005A8FC7 = {
						CreatedOnToolsVersion = 9.0;
						ProvisioningStyle = Automatic;
						TestTargetID = FAA7BEC41F96742D005A8FC7;
					};
					FAA7BEE61F96742D005A8FC7 = {
						CreatedOnToolsVersion = 9.0;
						ProvisioningStyle = Automatic;
						TestTargetID = FAA7BEC41F96742D005A8FC7;
					};
				};
			};
			buildConfigurationList = FAA7BEC01F96742D005A8FC7 /* Build configuration list for PBXProject "CoolPainter" */;
			compatibilityVersion = "Xcode 8.0";
			developmentRegion = en;
			hasScannedForEncodings = 0;
			knownRegions = (
				en,
				Base,
			);
			mainGroup = FAA7BEBC1F96742D005A8FC7;
			productRefGroup = FAA7BEC61F96742D005A8FC7 /* Products */;
			projectDirPath = "";
			projectRoot = "";
			targets = (
				FAA7BEC41F96742D005A8FC7 /* CoolPainter */,
				FAA7BEDB1F96742D005A8FC7 /* CoolPainterTests */,
				FAA7BEE61F96742D005A8FC7 /* CoolPainterUITests */,
			);
		};
/* End PBXProject section */

/* Begin PBXResourcesBuildPhase section */
		FAA7BEC31F96742D005A8FC7 /* Resources */ = {
			isa = PBXResourcesBuildPhase;
			buildActionMask = 2147483647;
			files = (
				FAA7BED61F96742D005A8FC7 /* LaunchScreen.storyboard in Resources */,
				FAA7BED31F96742D005A8FC7 /* Assets.xcassets in Resources */,
				FAA7BECE1F96742D005A8FC7 /* Main.storyboard in Resources */,
			);
			runOnlyForDeploymentPostprocessing = 0;
		};
		FAA7BEDA1F96742D005A8FC7 /* Resources */ = {
			isa = PBXResourcesBuildPhase;
			buildActionMask = 2147483647;
			files = (
			);
			runOnlyForDeploymentPostprocessing = 0;
		};
		FAA7BEE51F96742D005A8FC7 /* Resources */ = {
			isa = PBXResourcesBuildPhase;
			buildActionMask = 2147483647;
			files = (
			);
			runOnlyForDeploymentPostprocessing = 0;
		};
/* End PBXResourcesBuildPhase section */

/* Begin PBXSourcesBuildPhase section */
		FAA7BEC11F96742D005A8FC7 /* Sources */ = {
			isa = PBXSourcesBuildPhase;
			buildActionMask = 2147483647;
			files = (
				FAA7BEFA1F9686E6005A8FC7 /* LoginViewController.swift in Sources */,
				FA55D0731F97E2F7001614B0 /* DrawingViewController.swift in Sources */,
				FA55D0761F97EC4F001614B0 /* ChatDrawingTabBarViewController.swift in Sources */,
				FAA7BECB1F96742D005A8FC7 /* ViewController.swift in Sources */,
				FAA7BED11F96742D005A8FC7 /* CoolPainter.xcdatamodeld in Sources */,
				FA55D06E1F97E2AE001614B0 /* ChatViewController.swift in Sources */,
				FAA7BEC91F96742D005A8FC7 /* AppDelegate.swift in Sources */,
			);
			runOnlyForDeploymentPostprocessing = 0;
		};
		FAA7BED81F96742D005A8FC7 /* Sources */ = {
			isa = PBXSourcesBuildPhase;
			buildActionMask = 2147483647;
			files = (
				FAA7BEE11F96742D005A8FC7 /* CoolPainterTests.swift in Sources */,
			);
			runOnlyForDeploymentPostprocessing = 0;
		};
		FAA7BEE31F96742D005A8FC7 /* Sources */ = {
			isa = PBXSourcesBuildPhase;
			buildActionMask = 2147483647;
			files = (
				FAA7BEEC1F96742D005A8FC7 /* CoolPainterUITests.swift in Sources */,
			);
			runOnlyForDeploymentPostprocessing = 0;
		};
/* End PBXSourcesBuildPhase section */

/* Begin PBXTargetDependency section */
		FAA7BEDE1F96742D005A8FC7 /* PBXTargetDependency */ = {
			isa = PBXTargetDependency;
			target = FAA7BEC41F96742D005A8FC7 /* CoolPainter */;
			targetProxy = FAA7BEDD1F96742D005A8FC7 /* PBXContainerItemProxy */;
		};
		FAA7BEE91F96742D005A8FC7 /* PBXTargetDependency */ = {
			isa = PBXTargetDependency;
			target = FAA7BEC41F96742D005A8FC7 /* CoolPainter */;
			targetProxy = FAA7BEE81F96742D005A8FC7 /* PBXContainerItemProxy */;
		};
/* End PBXTargetDependency section */

/* Begin PBXVariantGroup section */
		FAA7BECC1F96742D005A8FC7 /* Main.storyboard */ = {
			isa = PBXVariantGroup;
			children = (
				FAA7BECD1F96742D005A8FC7 /* Base */,
			);
			name = Main.storyboard;
			sourceTree = "<group>";
		};
		FAA7BED41F96742D005A8FC7 /* LaunchScreen.storyboard */ = {
			isa = PBXVariantGroup;
			children = (
				FAA7BED51F96742D005A8FC7 /* Base */,
			);
			name = LaunchScreen.storyboard;
			sourceTree = "<group>";
		};
/* End PBXVariantGroup section */

/* Begin XCBuildConfiguration section */
		FAA7BEEE1F96742D005A8FC7 /* Debug */ = {
			isa = XCBuildConfiguration;
			buildSettings = {
				ALWAYS_SEARCH_USER_PATHS = NO;
				CLANG_ANALYZER_NONNULL = YES;
				CLANG_ANALYZER_NUMBER_OBJECT_CONVERSION = YES_AGGRESSIVE;
				CLANG_CXX_LANGUAGE_STANDARD = "gnu++14";
				CLANG_CXX_LIBRARY = "libc++";
				CLANG_ENABLE_MODULES = YES;
				CLANG_ENABLE_OBJC_ARC = YES;
				CLANG_WARN_BLOCK_CAPTURE_AUTORELEASING = YES;
				CLANG_WARN_BOOL_CONVERSION = YES;
				CLANG_WARN_COMMA = YES;
				CLANG_WARN_CONSTANT_CONVERSION = YES;
				CLANG_WARN_DIRECT_OBJC_ISA_USAGE = YES_ERROR;
				CLANG_WARN_DOCUMENTATION_COMMENTS = YES;
				CLANG_WARN_EMPTY_BODY = YES;
				CLANG_WARN_ENUM_CONVERSION = YES;
				CLANG_WARN_INFINITE_RECURSION = YES;
				CLANG_WARN_INT_CONVERSION = YES;
				CLANG_WARN_NON_LITERAL_NULL_CONVERSION = YES;
				CLANG_WARN_OBJC_LITERAL_CONVERSION = YES;
				CLANG_WARN_OBJC_ROOT_CLASS = YES_ERROR;
				CLANG_WARN_RANGE_LOOP_ANALYSIS = YES;
				CLANG_WARN_STRICT_PROTOTYPES = YES;
				CLANG_WARN_SUSPICIOUS_MOVE = YES;
				CLANG_WARN_UNGUARDED_AVAILABILITY = YES_AGGRESSIVE;
				CLANG_WARN_UNREACHABLE_CODE = YES;
				CLANG_WARN__DUPLICATE_METHOD_MATCH = YES;
				CODE_SIGN_IDENTITY = "iPhone Developer";
				COPY_PHASE_STRIP = NO;
				DEBUG_INFORMATION_FORMAT = dwarf;
				ENABLE_STRICT_OBJC_MSGSEND = YES;
				ENABLE_TESTABILITY = YES;
				GCC_C_LANGUAGE_STANDARD = gnu11;
				GCC_DYNAMIC_NO_PIC = NO;
				GCC_NO_COMMON_BLOCKS = YES;
				GCC_OPTIMIZATION_LEVEL = 0;
				GCC_PREPROCESSOR_DEFINITIONS = (
					"DEBUG=1",
					"$(inherited)",
				);
				GCC_WARN_64_TO_32_BIT_CONVERSION = YES;
				GCC_WARN_ABOUT_RETURN_TYPE = YES_ERROR;
				GCC_WARN_UNDECLARED_SELECTOR = YES;
				GCC_WARN_UNINITIALIZED_AUTOS = YES_AGGRESSIVE;
				GCC_WARN_UNUSED_FUNCTION = YES;
				GCC_WARN_UNUSED_VARIABLE = YES;
				IPHONEOS_DEPLOYMENT_TARGET = 11.0;
				MTL_ENABLE_DEBUG_INFO = YES;
				ONLY_ACTIVE_ARCH = YES;
				SDKROOT = iphoneos;
				SWIFT_ACTIVE_COMPILATION_CONDITIONS = DEBUG;
				SWIFT_OPTIMIZATION_LEVEL = "-Onone";
			};
			name = Debug;
		};
		FAA7BEEF1F96742D005A8FC7 /* Release */ = {
			isa = XCBuildConfiguration;
			buildSettings = {
				ALWAYS_SEARCH_USER_PATHS = NO;
				CLANG_ANALYZER_NONNULL = YES;
				CLANG_ANALYZER_NUMBER_OBJECT_CONVERSION = YES_AGGRESSIVE;
				CLANG_CXX_LANGUAGE_STANDARD = "gnu++14";
				CLANG_CXX_LIBRARY = "libc++";
				CLANG_ENABLE_MODULES = YES;
				CLANG_ENABLE_OBJC_ARC = YES;
				CLANG_WARN_BLOCK_CAPTURE_AUTORELEASING = YES;
				CLANG_WARN_BOOL_CONVERSION = YES;
				CLANG_WARN_COMMA = YES;
				CLANG_WARN_CONSTANT_CONVERSION = YES;
				CLANG_WARN_DIRECT_OBJC_ISA_USAGE = YES_ERROR;
				CLANG_WARN_DOCUMENTATION_COMMENTS = YES;
				CLANG_WARN_EMPTY_BODY = YES;
				CLANG_WARN_ENUM_CONVERSION = YES;
				CLANG_WARN_INFINITE_RECURSION = YES;
				CLANG_WARN_INT_CONVERSION = YES;
				CLANG_WARN_NON_LITERAL_NULL_CONVERSION = YES;
				CLANG_WARN_OBJC_LITERAL_CONVERSION = YES;
				CLANG_WARN_OBJC_ROOT_CLASS = YES_ERROR;
				CLANG_WARN_RANGE_LOOP_ANALYSIS = YES;
				CLANG_WARN_STRICT_PROTOTYPES = YES;
				CLANG_WARN_SUSPICIOUS_MOVE = YES;
				CLANG_WARN_UNGUARDED_AVAILABILITY = YES_AGGRESSIVE;
				CLANG_WARN_UNREACHABLE_CODE = YES;
				CLANG_WARN__DUPLICATE_METHOD_MATCH = YES;
				CODE_SIGN_IDENTITY = "iPhone Developer";
				COPY_PHASE_STRIP = NO;
				DEBUG_INFORMATION_FORMAT = "dwarf-with-dsym";
				ENABLE_NS_ASSERTIONS = NO;
				ENABLE_STRICT_OBJC_MSGSEND = YES;
				GCC_C_LANGUAGE_STANDARD = gnu11;
				GCC_NO_COMMON_BLOCKS = YES;
				GCC_WARN_64_TO_32_BIT_CONVERSION = YES;
				GCC_WARN_ABOUT_RETURN_TYPE = YES_ERROR;
				GCC_WARN_UNDECLARED_SELECTOR = YES;
				GCC_WARN_UNINITIALIZED_AUTOS = YES_AGGRESSIVE;
				GCC_WARN_UNUSED_FUNCTION = YES;
				GCC_WARN_UNUSED_VARIABLE = YES;
				IPHONEOS_DEPLOYMENT_TARGET = 11.0;
				MTL_ENABLE_DEBUG_INFO = NO;
				SDKROOT = iphoneos;
				SWIFT_OPTIMIZATION_LEVEL = "-Owholemodule";
				VALIDATE_PRODUCT = YES;
			};
			name = Release;
		};
		FAA7BEF11F96742D005A8FC7 /* Debug */ = {
			isa = XCBuildConfiguration;
			buildSettings = {
				ASSETCATALOG_COMPILER_APPICON_NAME = AppIcon;
				CODE_SIGN_STYLE = Automatic;
				INFOPLIST_FILE = CoolPainter/Info.plist;
				LD_RUNPATH_SEARCH_PATHS = "$(inherited) @executable_path/Frameworks";
				PRODUCT_BUNDLE_IDENTIFIER = com.newsreviewer.CoolPainter;
				PRODUCT_NAME = "$(TARGET_NAME)";
				SWIFT_VERSION = 4.0;
				TARGETED_DEVICE_FAMILY = "1,2";
			};
			name = Debug;
		};
		FAA7BEF21F96742D005A8FC7 /* Release */ = {
			isa = XCBuildConfiguration;
			buildSettings = {
				ASSETCATALOG_COMPILER_APPICON_NAME = AppIcon;
				CODE_SIGN_STYLE = Automatic;
				INFOPLIST_FILE = CoolPainter/Info.plist;
				LD_RUNPATH_SEARCH_PATHS = "$(inherited) @executable_path/Frameworks";
				PRODUCT_BUNDLE_IDENTIFIER = com.newsreviewer.CoolPainter;
				PRODUCT_NAME = "$(TARGET_NAME)";
				SWIFT_VERSION = 4.0;
				TARGETED_DEVICE_FAMILY = "1,2";
			};
			name = Release;
		};
		FAA7BEF41F96742D005A8FC7 /* Debug */ = {
			isa = XCBuildConfiguration;
			buildSettings = {
				ALWAYS_EMBED_SWIFT_STANDARD_LIBRARIES = YES;
				BUNDLE_LOADER = "$(TEST_HOST)";
				CODE_SIGN_STYLE = Automatic;
				INFOPLIST_FILE = CoolPainterTests/Info.plist;
				LD_RUNPATH_SEARCH_PATHS = "$(inherited) @executable_path/Frameworks @loader_path/Frameworks";
				PRODUCT_BUNDLE_IDENTIFIER = com.newsreviewer.CoolPainterTests;
				PRODUCT_NAME = "$(TARGET_NAME)";
				SWIFT_VERSION = 4.0;
				TARGETED_DEVICE_FAMILY = "1,2";
				TEST_HOST = "$(BUILT_PRODUCTS_DIR)/CoolPainter.app/CoolPainter";
			};
			name = Debug;
		};
		FAA7BEF51F96742D005A8FC7 /* Release */ = {
			isa = XCBuildConfiguration;
			buildSettings = {
				ALWAYS_EMBED_SWIFT_STANDARD_LIBRARIES = YES;
				BUNDLE_LOADER = "$(TEST_HOST)";
				CODE_SIGN_STYLE = Automatic;
				INFOPLIST_FILE = CoolPainterTests/Info.plist;
				LD_RUNPATH_SEARCH_PATHS = "$(inherited) @executable_path/Frameworks @loader_path/Frameworks";
				PRODUCT_BUNDLE_IDENTIFIER = com.newsreviewer.CoolPainterTests;
				PRODUCT_NAME = "$(TARGET_NAME)";
				SWIFT_VERSION = 4.0;
				TARGETED_DEVICE_FAMILY = "1,2";
				TEST_HOST = "$(BUILT_PRODUCTS_DIR)/CoolPainter.app/CoolPainter";
			};
			name = Release;
		};
		FAA7BEF71F96742D005A8FC7 /* Debug */ = {
			isa = XCBuildConfiguration;
			buildSettings = {
				ALWAYS_EMBED_SWIFT_STANDARD_LIBRARIES = YES;
				CODE_SIGN_STYLE = Automatic;
				INFOPLIST_FILE = CoolPainterUITests/Info.plist;
				LD_RUNPATH_SEARCH_PATHS = "$(inherited) @executable_path/Frameworks @loader_path/Frameworks";
				PRODUCT_BUNDLE_IDENTIFIER = com.newsreviewer.CoolPainterUITests;
				PRODUCT_NAME = "$(TARGET_NAME)";
				SWIFT_VERSION = 4.0;
				TARGETED_DEVICE_FAMILY = "1,2";
				TEST_TARGET_NAME = CoolPainter;
			};
			name = Debug;
		};
		FAA7BEF81F96742D005A8FC7 /* Release */ = {
			isa = XCBuildConfiguration;
			buildSettings = {
				ALWAYS_EMBED_SWIFT_STANDARD_LIBRARIES = YES;
				CODE_SIGN_STYLE = Automatic;
				INFOPLIST_FILE = CoolPainterUITests/Info.plist;
				LD_RUNPATH_SEARCH_PATHS = "$(inherited) @executable_path/Frameworks @loader_path/Frameworks";
				PRODUCT_BUNDLE_IDENTIFIER = com.newsreviewer.CoolPainterUITests;
				PRODUCT_NAME = "$(TARGET_NAME)";
				SWIFT_VERSION = 4.0;
				TARGETED_DEVICE_FAMILY = "1,2";
				TEST_TARGET_NAME = CoolPainter;
			};
			name = Release;
		};
/* End XCBuildConfiguration section */

/* Begin XCConfigurationList section */
		FAA7BEC01F96742D005A8FC7 /* Build configuration list for PBXProject "CoolPainter" */ = {
			isa = XCConfigurationList;
			buildConfigurations = (
				FAA7BEEE1F96742D005A8FC7 /* Debug */,
				FAA7BEEF1F96742D005A8FC7 /* Release */,
			);
			defaultConfigurationIsVisible = 0;
			defaultConfigurationName = Release;
		};
		FAA7BEF01F96742D005A8FC7 /* Build configuration list for PBXNativeTarget "CoolPainter" */ = {
			isa = XCConfigurationList;
			buildConfigurations = (
				FAA7BEF11F96742D005A8FC7 /* Debug */,
				FAA7BEF21F96742D005A8FC7 /* Release */,
			);
			defaultConfigurationIsVisible = 0;
			defaultConfigurationName = Release;
		};
		FAA7BEF31F96742D005A8FC7 /* Build configuration list for PBXNativeTarget "CoolPainterTests" */ = {
			isa = XCConfigurationList;
			buildConfigurations = (
				FAA7BEF41F96742D005A8FC7 /* Debug */,
				FAA7BEF51F96742D005A8FC7 /* Release */,
			);
			defaultConfigurationIsVisible = 0;
			defaultConfigurationName = Release;
		};
		FAA7BEF61F96742D005A8FC7 /* Build configuration list for PBXNativeTarget "CoolPainterUITests" */ = {
			isa = XCConfigurationList;
			buildConfigurations = (
				FAA7BEF71F96742D005A8FC7 /* Debug */,
				FAA7BEF81F96742D005A8FC7 /* Release */,
			);
			defaultConfigurationIsVisible = 0;
			defaultConfigurationName = Release;
		};
/* End XCConfigurationList section */

/* Begin XCVersionGroup section */
		FAA7BECF1F96742D005A8FC7 /* CoolPainter.xcdatamodeld */ = {
			isa = XCVersionGroup;
			children = (
				FAA7BED01F96742D005A8FC7 /* CoolPainter.xcdatamodel */,
			);
			currentVersion = FAA7BED01F96742D005A8FC7 /* CoolPainter.xcdatamodel */;
			path = CoolPainter.xcdatamodeld;
			sourceTree = "<group>";
			versionGroupType = wrapper.xcdatamodel;
		};
/* End XCVersionGroup section */
	};
	rootObject = FAA7BEBD1F96742D005A8FC7 /* Project object */;
}
